// !$*UTF8*$!
{
	archiveVersion = 1;
	classes = {
	};
	objectVersion = 55;
	objects = {

/* Begin PBXBuildFile section */
		AB4FA970293E2BD100BE5345 /* AppDelegate.swift in Sources */ = {isa = PBXBuildFile; fileRef = AB4FA96F293E2BD100BE5345 /* AppDelegate.swift */; };
		AB4FA972293E2BD100BE5345 /* SceneDelegate.swift in Sources */ = {isa = PBXBuildFile; fileRef = AB4FA971293E2BD100BE5345 /* SceneDelegate.swift */; };
		AB4FA974293E2BD100BE5345 /* ImageViewController.swift in Sources */ = {isa = PBXBuildFile; fileRef = AB4FA973293E2BD100BE5345 /* ImageViewController.swift */; };
		AB4FA977293E2BD100BE5345 /* Main.storyboard in Resources */ = {isa = PBXBuildFile; fileRef = AB4FA975293E2BD100BE5345 /* Main.storyboard */; };
		AB4FA979293E2BD400BE5345 /* Assets.xcassets in Resources */ = {isa = PBXBuildFile; fileRef = AB4FA978293E2BD400BE5345 /* Assets.xcassets */; };
		AB4FA97C293E2BD400BE5345 /* LaunchScreen.storyboard in Resources */ = {isa = PBXBuildFile; fileRef = AB4FA97A293E2BD400BE5345 /* LaunchScreen.storyboard */; };
		AB5854A12940D94D004F075E /* MainViewController.swift in Sources */ = {isa = PBXBuildFile; fileRef = AB5854A02940D94D004F075E /* MainViewController.swift */; };
		AB5854A32940D977004F075E /* CollectionViewCell.swift in Sources */ = {isa = PBXBuildFile; fileRef = AB5854A22940D977004F075E /* CollectionViewCell.swift */; };
		AB5854A52940E228004F075E /* NetworkManager.swift in Sources */ = {isa = PBXBuildFile; fileRef = AB5854A42940E228004F075E /* NetworkManager.swift */; };
		ABFFC6A7293F396800D79E91 /* CoursesViewController.swift in Sources */ = {isa = PBXBuildFile; fileRef = ABFFC6A6293F396800D79E91 /* CoursesViewController.swift */; };
		ABFFC6A9293F416700D79E91 /* WebViewController.swift in Sources */ = {isa = PBXBuildFile; fileRef = ABFFC6A8293F416700D79E91 /* WebViewController.swift */; };
		ABFFC6AB293F48AE00D79E91 /* Course.swift in Sources */ = {isa = PBXBuildFile; fileRef = ABFFC6AA293F48AE00D79E91 /* Course.swift */; };
		ABFFC6B0293F6B3000D79E91 /* CourseCell.swift in Sources */ = {isa = PBXBuildFile; fileRef = ABFFC6AF293F6B3000D79E91 /* CourseCell.swift */; };
/* End PBXBuildFile section */

/* Begin PBXFileReference section */
		AB4FA96C293E2BD100BE5345 /* Networking.app */ = {isa = PBXFileReference; explicitFileType = wrapper.application; includeInIndex = 0; path = Networking.app; sourceTree = BUILT_PRODUCTS_DIR; };
		AB4FA96F293E2BD100BE5345 /* AppDelegate.swift */ = {isa = PBXFileReference; lastKnownFileType = sourcecode.swift; path = AppDelegate.swift; sourceTree = "<group>"; };
		AB4FA971293E2BD100BE5345 /* SceneDelegate.swift */ = {isa = PBXFileReference; lastKnownFileType = sourcecode.swift; path = SceneDelegate.swift; sourceTree = "<group>"; };
		AB4FA973293E2BD100BE5345 /* ImageViewController.swift */ = {isa = PBXFileReference; lastKnownFileType = sourcecode.swift; path = ImageViewController.swift; sourceTree = "<group>"; };
		AB4FA976293E2BD100BE5345 /* Base */ = {isa = PBXFileReference; lastKnownFileType = file.storyboard; name = Base; path = Base.lproj/Main.storyboard; sourceTree = "<group>"; };
		AB4FA978293E2BD400BE5345 /* Assets.xcassets */ = {isa = PBXFileReference; lastKnownFileType = folder.assetcatalog; path = Assets.xcassets; sourceTree = "<group>"; };
		AB4FA97B293E2BD400BE5345 /* Base */ = {isa = PBXFileReference; lastKnownFileType = file.storyboard; name = Base; path = Base.lproj/LaunchScreen.storyboard; sourceTree = "<group>"; };
		AB4FA97D293E2BD400BE5345 /* Info.plist */ = {isa = PBXFileReference; lastKnownFileType = text.plist.xml; path = Info.plist; sourceTree = "<group>"; };
		AB5854A02940D94D004F075E /* MainViewController.swift */ = {isa = PBXFileReference; lastKnownFileType = sourcecode.swift; path = MainViewController.swift; sourceTree = "<group>"; };
		AB5854A22940D977004F075E /* CollectionViewCell.swift */ = {isa = PBXFileReference; lastKnownFileType = sourcecode.swift; path = CollectionViewCell.swift; sourceTree = "<group>"; };
		AB5854A42940E228004F075E /* NetworkManager.swift */ = {isa = PBXFileReference; lastKnownFileType = sourcecode.swift; path = NetworkManager.swift; sourceTree = "<group>"; };
		ABFFC6A6293F396800D79E91 /* CoursesViewController.swift */ = {isa = PBXFileReference; lastKnownFileType = sourcecode.swift; path = CoursesViewController.swift; sourceTree = "<group>"; };
		ABFFC6A8293F416700D79E91 /* WebViewController.swift */ = {isa = PBXFileReference; lastKnownFileType = sourcecode.swift; path = WebViewController.swift; sourceTree = "<group>"; };
		ABFFC6AA293F48AE00D79E91 /* Course.swift */ = {isa = PBXFileReference; lastKnownFileType = sourcecode.swift; path = Course.swift; sourceTree = "<group>"; };
		ABFFC6AF293F6B3000D79E91 /* CourseCell.swift */ = {isa = PBXFileReference; lastKnownFileType = sourcecode.swift; path = CourseCell.swift; sourceTree = "<group>"; };
/* End PBXFileReference section */

/* Begin PBXFrameworksBuildPhase section */
		AB4FA969293E2BD100BE5345 /* Frameworks */ = {
			isa = PBXFrameworksBuildPhase;
			buildActionMask = 2147483647;
			files = (
			);
			runOnlyForDeploymentPostprocessing = 0;
		};
/* End PBXFrameworksBuildPhase section */

/* Begin PBXGroup section */
		AB4FA963293E2BD100BE5345 = {
			isa = PBXGroup;
			children = (
				AB4FA96E293E2BD100BE5345 /* Networking */,
				AB4FA96D293E2BD100BE5345 /* Products */,
			);
			sourceTree = "<group>";
		};
		AB4FA96D293E2BD100BE5345 /* Products */ = {
			isa = PBXGroup;
			children = (
				AB4FA96C293E2BD100BE5345 /* Networking.app */,
			);
			name = Products;
			sourceTree = "<group>";
		};
		AB4FA96E293E2BD100BE5345 /* Networking */ = {
			isa = PBXGroup;
			children = (
				AB4FA96F293E2BD100BE5345 /* AppDelegate.swift */,
				AB4FA971293E2BD100BE5345 /* SceneDelegate.swift */,
				AB5854A42940E228004F075E /* NetworkManager.swift */,
				AB5854A02940D94D004F075E /* MainViewController.swift */,
				AB4FA973293E2BD100BE5345 /* ImageViewController.swift */,
				ABFFC6A6293F396800D79E91 /* CoursesViewController.swift */,
				ABFFC6A8293F416700D79E91 /* WebViewController.swift */,
				ABFFC6AC293F48B400D79E91 /* Models */,
				AB4FA975293E2BD100BE5345 /* Main.storyboard */,
				AB4FA978293E2BD400BE5345 /* Assets.xcassets */,
				AB4FA97A293E2BD400BE5345 /* LaunchScreen.storyboard */,
				AB4FA97D293E2BD400BE5345 /* Info.plist */,
			);
			path = Networking;
			sourceTree = "<group>";
		};
		ABFFC6AC293F48B400D79E91 /* Models */ = {
			isa = PBXGroup;
			children = (
				ABFFC6AA293F48AE00D79E91 /* Course.swift */,
				ABFFC6AF293F6B3000D79E91 /* CourseCell.swift */,
				AB5854A22940D977004F075E /* CollectionViewCell.swift */,
			);
			path = Models;
			sourceTree = "<group>";
		};
/* End PBXGroup section */

/* Begin PBXNativeTarget section */
		AB4FA96B293E2BD100BE5345 /* Networking */ = {
			isa = PBXNativeTarget;
			buildConfigurationList = AB4FA980293E2BD400BE5345 /* Build configuration list for PBXNativeTarget "Networking" */;
			buildPhases = (
				AB4FA968293E2BD100BE5345 /* Sources */,
				AB4FA969293E2BD100BE5345 /* Frameworks */,
				AB4FA96A293E2BD100BE5345 /* Resources */,
			);
			buildRules = (
			);
			dependencies = (
			);
			name = Networking;
			productName = Networking;
			productReference = AB4FA96C293E2BD100BE5345 /* Networking.app */;
			productType = "com.apple.product-type.application";
		};
/* End PBXNativeTarget section */

/* Begin PBXProject section */
		AB4FA964293E2BD100BE5345 /* Project object */ = {
			isa = PBXProject;
			attributes = {
				BuildIndependentTargetsInParallel = 1;
				LastSwiftUpdateCheck = 1340;
				LastUpgradeCheck = 1340;
				TargetAttributes = {
					AB4FA96B293E2BD100BE5345 = {
						CreatedOnToolsVersion = 13.4.1;
					};
				};
			};
			buildConfigurationList = AB4FA967293E2BD100BE5345 /* Build configuration list for PBXProject "Networking" */;
			compatibilityVersion = "Xcode 13.0";
			developmentRegion = en;
			hasScannedForEncodings = 0;
			knownRegions = (
				en,
				Base,
			);
			mainGroup = AB4FA963293E2BD100BE5345;
			productRefGroup = AB4FA96D293E2BD100BE5345 /* Products */;
			projectDirPath = "";
			projectRoot = "";
			targets = (
				AB4FA96B293E2BD100BE5345 /* Networking */,
			);
		};
/* End PBXProject section */

/* Begin PBXResourcesBuildPhase section */
		AB4FA96A293E2BD100BE5345 /* Resources */ = {
			isa = PBXResourcesBuildPhase;
			buildActionMask = 2147483647;
			files = (
				AB4FA97C293E2BD400BE5345 /* LaunchScreen.storyboard in Resources */,
				AB4FA979293E2BD400BE5345 /* Assets.xcassets in Resources */,
				AB4FA977293E2BD100BE5345 /* Main.storyboard in Resources */,
			);
			runOnlyForDeploymentPostprocessing = 0;
		};
/* End PBXResourcesBuildPhase section */

/* Begin PBXSourcesBuildPhase section */
		AB4FA968293E2BD100BE5345 /* Sources */ = {
			isa = PBXSourcesBuildPhase;
			buildActionMask = 2147483647;
			files = (
				AB5854A32940D977004F075E /* CollectionViewCell.swift in Sources */,
				AB4FA974293E2BD100BE5345 /* ImageViewController.swift in Sources */,
				ABFFC6AB293F48AE00D79E91 /* Course.swift in Sources */,
				ABFFC6A9293F416700D79E91 /* WebViewController.swift in Sources */,
				AB5854A52940E228004F075E /* NetworkManager.swift in Sources */,
				AB4FA970293E2BD100BE5345 /* AppDelegate.swift in Sources */,
				ABFFC6B0293F6B3000D79E91 /* CourseCell.swift in Sources */,
				AB5854A12940D94D004F075E /* MainViewController.swift in Sources */,
				AB4FA972293E2BD100BE5345 /* SceneDelegate.swift in Sources */,
				ABFFC6A7293F396800D79E91 /* CoursesViewController.swift in Sources */,
			);
			runOnlyForDeploymentPostprocessing = 0;
		};
/* End PBXSourcesBuildPhase section */

/* Begin PBXVariantGroup section */
		AB4FA975293E2BD100BE5345 /* Main.storyboard */ = {
			isa = PBXVariantGroup;
			children = (
				AB4FA976293E2BD100BE5345 /* Base */,
			);
			name = Main.storyboard;
			sourceTree = "<group>";
		};
		AB4FA97A293E2BD400BE5345 /* LaunchScreen.storyboard */ = {
			isa = PBXVariantGroup;
			children = (
				AB4FA97B293E2BD400BE5345 /* Base */,
			);
			name = LaunchScreen.storyboard;
			sourceTree = "<group>";
		};
/* End PBXVariantGroup section */

/* Begin XCBuildConfiguration section */
		AB4FA97E293E2BD400BE5345 /* Debug */ = {
			isa = XCBuildConfiguration;
			buildSettings = {
				ALWAYS_SEARCH_USER_PATHS = NO;
				CLANG_ANALYZER_NONNULL = YES;
				CLANG_ANALYZER_NUMBER_OBJECT_CONVERSION = YES_AGGRESSIVE;
				CLANG_CXX_LANGUAGE_STANDARD = "gnu++17";
				CLANG_ENABLE_MODULES = YES;
				CLANG_ENABLE_OBJC_ARC = YES;
				CLANG_ENABLE_OBJC_WEAK = YES;
				CLANG_WARN_BLOCK_CAPTURE_AUTORELEASING = YES;
				CLANG_WARN_BOOL_CONVERSION = YES;
				CLANG_WARN_COMMA = YES;
				CLANG_WARN_CONSTANT_CONVERSION = YES;
				CLANG_WARN_DEPRECATED_OBJC_IMPLEMENTATIONS = YES;
				CLANG_WARN_DIRECT_OBJC_ISA_USAGE = YES_ERROR;
				CLANG_WARN_DOCUMENTATION_COMMENTS = YES;
				CLANG_WARN_EMPTY_BODY = YES;
				CLANG_WARN_ENUM_CONVERSION = YES;
				CLANG_WARN_INFINITE_RECURSION = YES;
				CLANG_WARN_INT_CONVERSION = YES;
				CLANG_WARN_NON_LITERAL_NULL_CONVERSION = YES;
				CLANG_WARN_OBJC_IMPLICIT_RETAIN_SELF = YES;
				CLANG_WARN_OBJC_LITERAL_CONVERSION = YES;
				CLANG_WARN_OBJC_ROOT_CLASS = YES_ERROR;
				CLANG_WARN_QUOTED_INCLUDE_IN_FRAMEWORK_HEADER = YES;
				CLANG_WARN_RANGE_LOOP_ANALYSIS = YES;
				CLANG_WARN_STRICT_PROTOTYPES = YES;
				CLANG_WARN_SUSPICIOUS_MOVE = YES;
				CLANG_WARN_UNGUARDED_AVAILABILITY = YES_AGGRESSIVE;
				CLANG_WARN_UNREACHABLE_CODE = YES;
				CLANG_WARN__DUPLICATE_METHOD_MATCH = YES;
				COPY_PHASE_STRIP = NO;
				DEBUG_INFORMATION_FORMAT = dwarf;
				ENABLE_STRICT_OBJC_MSGSEND = YES;
				ENABLE_TESTABILITY = YES;
				GCC_C_LANGUAGE_STANDARD = gnu11;
				GCC_DYNAMIC_NO_PIC = NO;
				GCC_NO_COMMON_BLOCKS = YES;
				GCC_OPTIMIZATION_LEVEL = 0;
				GCC_PREPROCESSOR_DEFINITIONS = (
					"DEBUG=1",
					"$(inherited)",
				);
				GCC_WARN_64_TO_32_BIT_CONVERSION = YES;
				GCC_WARN_ABOUT_RETURN_TYPE = YES_ERROR;
				GCC_WARN_UNDECLARED_SELECTOR = YES;
				GCC_WARN_UNINITIALIZED_AUTOS = YES_AGGRESSIVE;
				GCC_WARN_UNUSED_FUNCTION = YES;
				GCC_WARN_UNUSED_VARIABLE = YES;
				IPHONEOS_DEPLOYMENT_TARGET = 15.5;
				MTL_ENABLE_DEBUG_INFO = INCLUDE_SOURCE;
				MTL_FAST_MATH = YES;
				ONLY_ACTIVE_ARCH = YES;
				SDKROOT = iphoneos;
				SWIFT_ACTIVE_COMPILATION_CONDITIONS = DEBUG;
				SWIFT_OPTIMIZATION_LEVEL = "-Onone";
			};
			name = Debug;
		};
		AB4FA97F293E2BD400BE5345 /* Release */ = {
			isa = XCBuildConfiguration;
			buildSettings = {
				ALWAYS_SEARCH_USER_PATHS = NO;
				CLANG_ANALYZER_NONNULL = YES;
				CLANG_ANALYZER_NUMBER_OBJECT_CONVERSION = YES_AGGRESSIVE;
				CLANG_CXX_LANGUAGE_STANDARD = "gnu++17";
				CLANG_ENABLE_MODULES = YES;
				CLANG_ENABLE_OBJC_ARC = YES;
				CLANG_ENABLE_OBJC_WEAK = YES;
				CLANG_WARN_BLOCK_CAPTURE_AUTORELEASING = YES;
				CLANG_WARN_BOOL_CONVERSION = YES;
				CLANG_WARN_COMMA = YES;
				CLANG_WARN_CONSTANT_CONVERSION = YES;
				CLANG_WARN_DEPRECATED_OBJC_IMPLEMENTATIONS = YES;
				CLANG_WARN_DIRECT_OBJC_ISA_USAGE = YES_ERROR;
				CLANG_WARN_DOCUMENTATION_COMMENTS = YES;
				CLANG_WARN_EMPTY_BODY = YES;
				CLANG_WARN_ENUM_CONVERSION = YES;
				CLANG_WARN_INFINITE_RECURSION = YES;
				CLANG_WARN_INT_CONVERSION = YES;
				CLANG_WARN_NON_LITERAL_NULL_CONVERSION = YES;
				CLANG_WARN_OBJC_IMPLICIT_RETAIN_SELF = YES;
				CLANG_WARN_OBJC_LITERAL_CONVERSION = YES;
				CLANG_WARN_OBJC_ROOT_CLASS = YES_ERROR;
				CLANG_WARN_QUOTED_INCLUDE_IN_FRAMEWORK_HEADER = YES;
				CLANG_WARN_RANGE_LOOP_ANALYSIS = YES;
				CLANG_WARN_STRICT_PROTOTYPES = YES;
				CLANG_WARN_SUSPICIOUS_MOVE = YES;
				CLANG_WARN_UNGUARDED_AVAILABILITY = YES_AGGRESSIVE;
				CLANG_WARN_UNREACHABLE_CODE = YES;
				CLANG_WARN__DUPLICATE_METHOD_MATCH = YES;
				COPY_PHASE_STRIP = NO;
				DEBUG_INFORMATION_FORMAT = "dwarf-with-dsym";
				ENABLE_NS_ASSERTIONS = NO;
				ENABLE_STRICT_OBJC_MSGSEND = YES;
				GCC_C_LANGUAGE_STANDARD = gnu11;
				GCC_NO_COMMON_BLOCKS = YES;
				GCC_WARN_64_TO_32_BIT_CONVERSION = YES;
				GCC_WARN_ABOUT_RETURN_TYPE = YES_ERROR;
				GCC_WARN_UNDECLARED_SELECTOR = YES;
				GCC_WARN_UNINITIALIZED_AUTOS = YES_AGGRESSIVE;
				GCC_WARN_UNUSED_FUNCTION = YES;
				GCC_WARN_UNUSED_VARIABLE = YES;
				IPHONEOS_DEPLOYMENT_TARGET = 15.5;
				MTL_ENABLE_DEBUG_INFO = NO;
				MTL_FAST_MATH = YES;
				SDKROOT = iphoneos;
				SWIFT_COMPILATION_MODE = wholemodule;
				SWIFT_OPTIMIZATION_LEVEL = "-O";
				VALIDATE_PRODUCT = YES;
			};
			name = Release;
		};
		AB4FA981293E2BD400BE5345 /* Debug */ = {
			isa = XCBuildConfiguration;
			buildSettings = {
				ASSETCATALOG_COMPILER_APPICON_NAME = AppIcon;
				ASSETCATALOG_COMPILER_GLOBAL_ACCENT_COLOR_NAME = AccentColor;
				CODE_SIGN_STYLE = Automatic;
				CURRENT_PROJECT_VERSION = 1;
				DEVELOPMENT_TEAM = 595NK55QRF;
				GENERATE_INFOPLIST_FILE = YES;
				INFOPLIST_FILE = Networking/Info.plist;
				INFOPLIST_KEY_UIApplicationSupportsIndirectInputEvents = YES;
				INFOPLIST_KEY_UILaunchStoryboardName = LaunchScreen;
				INFOPLIST_KEY_UIMainStoryboardFile = Main;
				INFOPLIST_KEY_UISupportedInterfaceOrientations_iPad = "UIInterfaceOrientationPortrait UIInterfaceOrientationPortraitUpsideDown UIInterfaceOrientationLandscapeLeft UIInterfaceOrientationLandscapeRight";
				INFOPLIST_KEY_UISupportedInterfaceOrientations_iPhone = "UIInterfaceOrientationPortrait UIInterfaceOrientationLandscapeLeft UIInterfaceOrientationLandscapeRight";
				LD_RUNPATH_SEARCH_PATHS = (
					"$(inherited)",
					"@executable_path/Frameworks",
				);
				MARKETING_VERSION = 1.0;
				PRODUCT_BUNDLE_IDENTIFIER = com.example.Networking;
				PRODUCT_NAME = "$(TARGET_NAME)";
				SWIFT_EMIT_LOC_STRINGS = YES;
				SWIFT_VERSION = 5.0;
				TARGETED_DEVICE_FAMILY = "1,2";
			};
			name = Debug;
		};
		AB4FA982293E2BD400BE5345 /* Release */ = {
			isa = XCBuildConfiguration;
			buildSettings = {
				ASSETCATALOG_COMPILER_APPICON_NAME = AppIcon;
				ASSETCATALOG_COMPILER_GLOBAL_ACCENT_COLOR_NAME = AccentColor;
				CODE_SIGN_STYLE = Automatic;
				CURRENT_PROJECT_VERSION = 1;
				DEVELOPMENT_TEAM = 595NK55QRF;
				GENERATE_INFOPLIST_FILE = YES;
				INFOPLIST_FILE = Networking/Info.plist;
				INFOPLIST_KEY_UIApplicationSupportsIndirectInputEvents = YES;
				INFOPLIST_KEY_UILaunchStoryboardName = LaunchScreen;
				INFOPLIST_KEY_UIMainStoryboardFile = Main;
				INFOPLIST_KEY_UISupportedInterfaceOrientations_iPad = "UIInterfaceOrientationPortrait UIInterfaceOrientationPortraitUpsideDown UIInterfaceOrientationLandscapeLeft UIInterfaceOrientationLandscapeRight";
				INFOPLIST_KEY_UISupportedInterfaceOrientations_iPhone = "UIInterfaceOrientationPortrait UIInterfaceOrientationLandscapeLeft UIInterfaceOrientationLandscapeRight";
				LD_RUNPATH_SEARCH_PATHS = (
					"$(inherited)",
					"@executable_path/Frameworks",
				);
				MARKETING_VERSION = 1.0;
				PRODUCT_BUNDLE_IDENTIFIER = com.example.Networking;
				PRODUCT_NAME = "$(TARGET_NAME)";
				SWIFT_EMIT_LOC_STRINGS = YES;
				SWIFT_VERSION = 5.0;
				TARGETED_DEVICE_FAMILY = "1,2";
			};
			name = Release;
		};
/* End XCBuildConfiguration section */

/* Begin XCConfigurationList section */
		AB4FA967293E2BD100BE5345 /* Build configuration list for PBXProject "Networking" */ = {
			isa = XCConfigurationList;
			buildConfigurations = (
				AB4FA97E293E2BD400BE5345 /* Debug */,
				AB4FA97F293E2BD400BE5345 /* Release */,
			);
			defaultConfigurationIsVisible = 0;
			defaultConfigurationName = Release;
		};
		AB4FA980293E2BD400BE5345 /* Build configuration list for PBXNativeTarget "Networking" */ = {
			isa = XCConfigurationList;
			buildConfigurations = (
				AB4FA981293E2BD400BE5345 /* Debug */,
				AB4FA982293E2BD400BE5345 /* Release */,
			);
			defaultConfigurationIsVisible = 0;
			defaultConfigurationName = Release;
		};
/* End XCConfigurationList section */
	};
	rootObject = AB4FA964293E2BD100BE5345 /* Project object */;
}
